
Microsoft Visual Studio Solution File, Format Version 12.00
# Visual Studio Version 16
VisualStudioVersion = 16.0.31911.196
MinimumVisualStudioVersion = 10.0.40219.1
Project("{FAE04EC0-301F-11D3-BF4B-00C04F79EFBC}") = "ComparisonOperator", "ComparisonOperator\ComparisonOperator.csproj", "{ED61C9F8-4F82-459E-B275-53FD6DE33CAC}"
EndProject
Global
	GlobalSection(SolutionConfigurationPlatforms) = preSolution
		Debug|Any CPU = Debug|Any CPU
		Release|Any CPU = Release|Any CPU
	EndGlobalSection
	GlobalSection(ProjectConfigurationPlatforms) = postSolution
		{ED61C9F8-4F82-459E-B275-53FD6DE33CAC}.Debug|Any CPU.ActiveCfg = Debug|Any CPU
		{ED61C9F8-4F82-459E-B275-53FD6DE33CAC}.Debug|Any CPU.Build.0 = Debug|Any CPU
		{ED61C9F8-4F82-459E-B275-53FD6DE33CAC}.Release|Any CPU.ActiveCfg = Release|Any CPU
		{ED61C9F8-4F82-459E-B275-53FD6DE33CAC}.Release|Any CPU.Build.0 = Release|Any CPU
	EndGlobalSection
	GlobalSection(SolutionProperties) = preSolution
		HideSolutionNode = FALSE
	EndGlobalSection
	GlobalSection(ExtensibilityGlobals) = postSolution
		SolutionGuid = {9B6DB923-44A4-4401-84C0-CC6F8E7A3DA2}
	EndGlobalSection
EndGlobal
