
Microsoft Visual Studio Solution File, Format Version 12.00
# Visual Studio Version 16
VisualStudioVersion = 16.0.31911.196
MinimumVisualStudioVersion = 10.0.40219.1
Project("{FAE04EC0-301F-11D3-BF4B-00C04F79EFBC}") = "doAndWhile", "doAndWhile\doAndWhile.csproj", "{83C53AFB-6A5C-4D99-AB53-F68D21FD02E8}"
EndProject
Global
	GlobalSection(SolutionConfigurationPlatforms) = preSolution
		Debug|Any CPU = Debug|Any CPU
		Release|Any CPU = Release|Any CPU
	EndGlobalSection
	GlobalSection(ProjectConfigurationPlatforms) = postSolution
		{83C53AFB-6A5C-4D99-AB53-F68D21FD02E8}.Debug|Any CPU.ActiveCfg = Debug|Any CPU
		{83C53AFB-6A5C-4D99-AB53-F68D21FD02E8}.Debug|Any CPU.Build.0 = Debug|Any CPU
		{83C53AFB-6A5C-4D99-AB53-F68D21FD02E8}.Release|Any CPU.ActiveCfg = Release|Any CPU
		{83C53AFB-6A5C-4D99-AB53-F68D21FD02E8}.Release|Any CPU.Build.0 = Release|Any CPU
	EndGlobalSection
	GlobalSection(SolutionProperties) = preSolution
		HideSolutionNode = FALSE
	EndGlobalSection
	GlobalSection(ExtensibilityGlobals) = postSolution
		SolutionGuid = {306D6F81-56FD-4893-A1DB-5F53DD245594}
	EndGlobalSection
EndGlobal
